
Microsoft Visual Studio Solution File, Format Version 12.00
# Visual Studio Version 17
VisualStudioVersion = 17.9.34728.123
MinimumVisualStudioVersion = 10.0.40219.1
Project("{9A19103F-16F7-4668-BE54-9A1E7A4F7556}") = "DurableFunctionsDemo", "DurableFunctionsDemo.csproj", "{3DB9C5E4-D532-4BDF-99DA-41A002EE55A5}"
EndProject
Global
	GlobalSection(SolutionConfigurationPlatforms) = preSolution
		Debug|Any CPU = Debug|Any CPU
		Release|Any CPU = Release|Any CPU
	EndGlobalSection
	GlobalSection(ProjectConfigurationPlatforms) = postSolution
		{3DB9C5E4-D532-4BDF-99DA-41A002EE55A5}.Debug|Any CPU.ActiveCfg = Debug|Any CPU
		{3DB9C5E4-D532-4BDF-99DA-41A002EE55A5}.Debug|Any CPU.Build.0 = Debug|Any CPU
		{3DB9C5E4-D532-4BDF-99DA-41A002EE55A5}.Release|Any CPU.ActiveCfg = Release|Any CPU
		{3DB9C5E4-D532-4BDF-99DA-41A002EE55A5}.Release|Any CPU.Build.0 = Release|Any CPU
	EndGlobalSection
	GlobalSection(SolutionProperties) = preSolution
		HideSolutionNode = FALSE
	EndGlobalSection
	GlobalSection(ExtensibilityGlobals) = postSolution
		SolutionGuid = {03CB4F70-29C4-40FE-8F96-80ACBB970CC3}
	EndGlobalSection
EndGlobal
